// !$*UTF8*$!
{
	archiveVersion = 1;
	classes = {
	};
	objectVersion = 56;
	objects = {

/* Begin PBXBuildFile section */
		49791BF22BEEA27C0082BC8E /* ScrumdingerApp.swift in Sources */ = {isa = PBXBuildFile; fileRef = 49791BF12BEEA27C0082BC8E /* ScrumdingerApp.swift */; };
		49791BF42BEEA27C0082BC8E /* MeetingView.swift in Sources */ = {isa = PBXBuildFile; fileRef = 49791BF32BEEA27C0082BC8E /* MeetingView.swift */; };
		49791BF62BEEA27D0082BC8E /* Assets.xcassets in Resources */ = {isa = PBXBuildFile; fileRef = 49791BF52BEEA27D0082BC8E /* Assets.xcassets */; };
		49791BF92BEEA27D0082BC8E /* Preview Assets.xcassets in Resources */ = {isa = PBXBuildFile; fileRef = 49791BF82BEEA27D0082BC8E /* Preview Assets.xcassets */; };
		49791C032BEEA27E0082BC8E /* ScrumdingerTests.swift in Sources */ = {isa = PBXBuildFile; fileRef = 49791C022BEEA27E0082BC8E /* ScrumdingerTests.swift */; };
		49791C0D2BEEA27E0082BC8E /* ScrumdingerUITests.swift in Sources */ = {isa = PBXBuildFile; fileRef = 49791C0C2BEEA27E0082BC8E /* ScrumdingerUITests.swift */; };
		49791C0F2BEEA27E0082BC8E /* ScrumdingerUITestsLaunchTests.swift in Sources */ = {isa = PBXBuildFile; fileRef = 49791C0E2BEEA27E0082BC8E /* ScrumdingerUITestsLaunchTests.swift */; };
		49791C1D2BEEBE540082BC8E /* Theme.swift in Sources */ = {isa = PBXBuildFile; fileRef = 49791C1C2BEEBE540082BC8E /* Theme.swift */; };
		49791C1F2BEEBFBF0082BC8E /* DailyScrum.swift in Sources */ = {isa = PBXBuildFile; fileRef = 49791C1E2BEEBFBF0082BC8E /* DailyScrum.swift */; };
		49791C212BEEC0A30082BC8E /* CardView.swift in Sources */ = {isa = PBXBuildFile; fileRef = 49791C202BEEC0A30082BC8E /* CardView.swift */; };
		49791C232BEEE7FC0082BC8E /* TrailingIconLabelStyle.swift in Sources */ = {isa = PBXBuildFile; fileRef = 49791C222BEEE7FC0082BC8E /* TrailingIconLabelStyle.swift */; };
		49791C252BEF13C60082BC8E /* ScrumsView.swift in Sources */ = {isa = PBXBuildFile; fileRef = 49791C242BEF13C60082BC8E /* ScrumsView.swift */; };
		499469742BF167B400D2B49E /* DetailView.swift in Sources */ = {isa = PBXBuildFile; fileRef = 499469732BF167B400D2B49E /* DetailView.swift */; };
/* End PBXBuildFile section */

/* Begin PBXContainerItemProxy section */
		49791BFF2BEEA27E0082BC8E /* PBXContainerItemProxy */ = {
			isa = PBXContainerItemProxy;
			containerPortal = 49791BE62BEEA27C0082BC8E /* Project object */;
			proxyType = 1;
			remoteGlobalIDString = 49791BED2BEEA27C0082BC8E;
			remoteInfo = Scrumdinger;
		};
		49791C092BEEA27E0082BC8E /* PBXContainerItemProxy */ = {
			isa = PBXContainerItemProxy;
			containerPortal = 49791BE62BEEA27C0082BC8E /* Project object */;
			proxyType = 1;
			remoteGlobalIDString = 49791BED2BEEA27C0082BC8E;
			remoteInfo = Scrumdinger;
		};
/* End PBXContainerItemProxy section */

/* Begin PBXFileReference section */
		49791BEE2BEEA27C0082BC8E /* Scrumdinger.app */ = {isa = PBXFileReference; explicitFileType = wrapper.application; includeInIndex = 0; path = Scrumdinger.app; sourceTree = BUILT_PRODUCTS_DIR; };
		49791BF12BEEA27C0082BC8E /* ScrumdingerApp.swift */ = {isa = PBXFileReference; lastKnownFileType = sourcecode.swift; path = ScrumdingerApp.swift; sourceTree = "<group>"; };
		49791BF32BEEA27C0082BC8E /* MeetingView.swift */ = {isa = PBXFileReference; lastKnownFileType = sourcecode.swift; path = MeetingView.swift; sourceTree = "<group>"; };
		49791BF52BEEA27D0082BC8E /* Assets.xcassets */ = {isa = PBXFileReference; lastKnownFileType = folder.assetcatalog; path = Assets.xcassets; sourceTree = "<group>"; };
		49791BF82BEEA27D0082BC8E /* Preview Assets.xcassets */ = {isa = PBXFileReference; lastKnownFileType = folder.assetcatalog; path = "Preview Assets.xcassets"; sourceTree = "<group>"; };
		49791BFE2BEEA27E0082BC8E /* ScrumdingerTests.xctest */ = {isa = PBXFileReference; explicitFileType = wrapper.cfbundle; includeInIndex = 0; path = ScrumdingerTests.xctest; sourceTree = BUILT_PRODUCTS_DIR; };
		49791C022BEEA27E0082BC8E /* ScrumdingerTests.swift */ = {isa = PBXFileReference; lastKnownFileType = sourcecode.swift; path = ScrumdingerTests.swift; sourceTree = "<group>"; };
		49791C082BEEA27E0082BC8E /* ScrumdingerUITests.xctest */ = {isa = PBXFileReference; explicitFileType = wrapper.cfbundle; includeInIndex = 0; path = ScrumdingerUITests.xctest; sourceTree = BUILT_PRODUCTS_DIR; };
		49791C0C2BEEA27E0082BC8E /* ScrumdingerUITests.swift */ = {isa = PBXFileReference; lastKnownFileType = sourcecode.swift; path = ScrumdingerUITests.swift; sourceTree = "<group>"; };
		49791C0E2BEEA27E0082BC8E /* ScrumdingerUITestsLaunchTests.swift */ = {isa = PBXFileReference; lastKnownFileType = sourcecode.swift; path = ScrumdingerUITestsLaunchTests.swift; sourceTree = "<group>"; };
		49791C1C2BEEBE540082BC8E /* Theme.swift */ = {isa = PBXFileReference; lastKnownFileType = sourcecode.swift; path = Theme.swift; sourceTree = "<group>"; };
		49791C1E2BEEBFBF0082BC8E /* DailyScrum.swift */ = {isa = PBXFileReference; lastKnownFileType = sourcecode.swift; path = DailyScrum.swift; sourceTree = "<group>"; };
		49791C202BEEC0A30082BC8E /* CardView.swift */ = {isa = PBXFileReference; lastKnownFileType = sourcecode.swift; path = CardView.swift; sourceTree = "<group>"; };
		49791C222BEEE7FC0082BC8E /* TrailingIconLabelStyle.swift */ = {isa = PBXFileReference; lastKnownFileType = sourcecode.swift; path = TrailingIconLabelStyle.swift; sourceTree = "<group>"; };
		49791C242BEF13C60082BC8E /* ScrumsView.swift */ = {isa = PBXFileReference; lastKnownFileType = sourcecode.swift; path = ScrumsView.swift; sourceTree = "<group>"; };
		499469732BF167B400D2B49E /* DetailView.swift */ = {isa = PBXFileReference; lastKnownFileType = sourcecode.swift; path = DetailView.swift; sourceTree = "<group>"; };
/* End PBXFileReference section */

/* Begin PBXFrameworksBuildPhase section */
		49791BEB2BEEA27C0082BC8E /* Frameworks */ = {
			isa = PBXFrameworksBuildPhase;
			buildActionMask = 2147483647;
			files = (
			);
			runOnlyForDeploymentPostprocessing = 0;
		};
		49791BFB2BEEA27E0082BC8E /* Frameworks */ = {
			isa = PBXFrameworksBuildPhase;
			buildActionMask = 2147483647;
			files = (
			);
			runOnlyForDeploymentPostprocessing = 0;
		};
		49791C052BEEA27E0082BC8E /* Frameworks */ = {
			isa = PBXFrameworksBuildPhase;
			buildActionMask = 2147483647;
			files = (
			);
			runOnlyForDeploymentPostprocessing = 0;
		};
/* End PBXFrameworksBuildPhase section */

/* Begin PBXGroup section */
		49791BE52BEEA27C0082BC8E = {
			isa = PBXGroup;
			children = (
				49791BF02BEEA27C0082BC8E /* Scrumdinger */,
				49791C012BEEA27E0082BC8E /* ScrumdingerTests */,
				49791C0B2BEEA27E0082BC8E /* ScrumdingerUITests */,
				49791BEF2BEEA27C0082BC8E /* Products */,
			);
			sourceTree = "<group>";
		};
		49791BEF2BEEA27C0082BC8E /* Products */ = {
			isa = PBXGroup;
			children = (
				49791BEE2BEEA27C0082BC8E /* Scrumdinger.app */,
				49791BFE2BEEA27E0082BC8E /* ScrumdingerTests.xctest */,
				49791C082BEEA27E0082BC8E /* ScrumdingerUITests.xctest */,
			);
			name = Products;
			sourceTree = "<group>";
		};
		49791BF02BEEA27C0082BC8E /* Scrumdinger */ = {
			isa = PBXGroup;
			children = (
				49791C282BEF1C240082BC8E /* Views */,
				49791C1B2BEEBE360082BC8E /* Models */,
				49791BF12BEEA27C0082BC8E /* ScrumdingerApp.swift */,
				49791BF52BEEA27D0082BC8E /* Assets.xcassets */,
				49791BF72BEEA27D0082BC8E /* Preview Content */,
			);
			path = Scrumdinger;
			sourceTree = "<group>";
		};
		49791BF72BEEA27D0082BC8E /* Preview Content */ = {
			isa = PBXGroup;
			children = (
				49791BF82BEEA27D0082BC8E /* Preview Assets.xcassets */,
			);
			path = "Preview Content";
			sourceTree = "<group>";
		};
		49791C012BEEA27E0082BC8E /* ScrumdingerTests */ = {
			isa = PBXGroup;
			children = (
				49791C022BEEA27E0082BC8E /* ScrumdingerTests.swift */,
			);
			path = ScrumdingerTests;
			sourceTree = "<group>";
		};
		49791C0B2BEEA27E0082BC8E /* ScrumdingerUITests */ = {
			isa = PBXGroup;
			children = (
				49791C0C2BEEA27E0082BC8E /* ScrumdingerUITests.swift */,
				49791C0E2BEEA27E0082BC8E /* ScrumdingerUITestsLaunchTests.swift */,
			);
			path = ScrumdingerUITests;
			sourceTree = "<group>";
		};
		49791C1B2BEEBE360082BC8E /* Models */ = {
			isa = PBXGroup;
			children = (
				49791C1C2BEEBE540082BC8E /* Theme.swift */,
				49791C1E2BEEBFBF0082BC8E /* DailyScrum.swift */,
			);
			path = Models;
			sourceTree = "<group>";
		};
		49791C282BEF1C240082BC8E /* Views */ = {
			isa = PBXGroup;
			children = (
				49791C202BEEC0A30082BC8E /* CardView.swift */,
				49791C242BEF13C60082BC8E /* ScrumsView.swift */,
				49791C222BEEE7FC0082BC8E /* TrailingIconLabelStyle.swift */,
				49791BF32BEEA27C0082BC8E /* MeetingView.swift */,
				499469732BF167B400D2B49E /* DetailView.swift */,
			);
			path = Views;
			sourceTree = "<group>";
		};
/* End PBXGroup section */

/* Begin PBXNativeTarget section */
		49791BED2BEEA27C0082BC8E /* Scrumdinger */ = {
			isa = PBXNativeTarget;
			buildConfigurationList = 49791C122BEEA27E0082BC8E /* Build configuration list for PBXNativeTarget "Scrumdinger" */;
			buildPhases = (
				49791BEA2BEEA27C0082BC8E /* Sources */,
				49791BEB2BEEA27C0082BC8E /* Frameworks */,
				49791BEC2BEEA27C0082BC8E /* Resources */,
			);
			buildRules = (
			);
			dependencies = (
			);
			name = Scrumdinger;
			productName = Scrumdinger;
			productReference = 49791BEE2BEEA27C0082BC8E /* Scrumdinger.app */;
			productType = "com.apple.product-type.application";
		};
		49791BFD2BEEA27E0082BC8E /* ScrumdingerTests */ = {
			isa = PBXNativeTarget;
			buildConfigurationList = 49791C152BEEA27E0082BC8E /* Build configuration list for PBXNativeTarget "ScrumdingerTests" */;
			buildPhases = (
				49791BFA2BEEA27E0082BC8E /* Sources */,
				49791BFB2BEEA27E0082BC8E /* Frameworks */,
				49791BFC2BEEA27E0082BC8E /* Resources */,
			);
			buildRules = (
			);
			dependencies = (
				49791C002BEEA27E0082BC8E /* PBXTargetDependency */,
			);
			name = ScrumdingerTests;
			productName = ScrumdingerTests;
			productReference = 49791BFE2BEEA27E0082BC8E /* ScrumdingerTests.xctest */;
			productType = "com.apple.product-type.bundle.unit-test";
		};
		49791C072BEEA27E0082BC8E /* ScrumdingerUITests */ = {
			isa = PBXNativeTarget;
			buildConfigurationList = 49791C182BEEA27E0082BC8E /* Build configuration list for PBXNativeTarget "ScrumdingerUITests" */;
			buildPhases = (
				49791C042BEEA27E0082BC8E /* Sources */,
				49791C052BEEA27E0082BC8E /* Frameworks */,
				49791C062BEEA27E0082BC8E /* Resources */,
			);
			buildRules = (
			);
			dependencies = (
				49791C0A2BEEA27E0082BC8E /* PBXTargetDependency */,
			);
			name = ScrumdingerUITests;
			productName = ScrumdingerUITests;
			productReference = 49791C082BEEA27E0082BC8E /* ScrumdingerUITests.xctest */;
			productType = "com.apple.product-type.bundle.ui-testing";
		};
/* End PBXNativeTarget section */

/* Begin PBXProject section */
		49791BE62BEEA27C0082BC8E /* Project object */ = {
			isa = PBXProject;
			attributes = {
				BuildIndependentTargetsInParallel = 1;
				LastSwiftUpdateCheck = 1530;
				LastUpgradeCheck = 1530;
				TargetAttributes = {
					49791BED2BEEA27C0082BC8E = {
						CreatedOnToolsVersion = 15.3;
					};
					49791BFD2BEEA27E0082BC8E = {
						CreatedOnToolsVersion = 15.3;
						TestTargetID = 49791BED2BEEA27C0082BC8E;
					};
					49791C072BEEA27E0082BC8E = {
						CreatedOnToolsVersion = 15.3;
						TestTargetID = 49791BED2BEEA27C0082BC8E;
					};
				};
			};
			buildConfigurationList = 49791BE92BEEA27C0082BC8E /* Build configuration list for PBXProject "Scrumdinger" */;
			compatibilityVersion = "Xcode 14.0";
			developmentRegion = en;
			hasScannedForEncodings = 0;
			knownRegions = (
				en,
				Base,
			);
			mainGroup = 49791BE52BEEA27C0082BC8E;
			productRefGroup = 49791BEF2BEEA27C0082BC8E /* Products */;
			projectDirPath = "";
			projectRoot = "";
			targets = (
				49791BED2BEEA27C0082BC8E /* Scrumdinger */,
				49791BFD2BEEA27E0082BC8E /* ScrumdingerTests */,
				49791C072BEEA27E0082BC8E /* ScrumdingerUITests */,
			);
		};
/* End PBXProject section */

/* Begin PBXResourcesBuildPhase section */
		49791BEC2BEEA27C0082BC8E /* Resources */ = {
			isa = PBXResourcesBuildPhase;
			buildActionMask = 2147483647;
			files = (
				49791BF92BEEA27D0082BC8E /* Preview Assets.xcassets in Resources */,
				49791BF62BEEA27D0082BC8E /* Assets.xcassets in Resources */,
			);
			runOnlyForDeploymentPostprocessing = 0;
		};
		49791BFC2BEEA27E0082BC8E /* Resources */ = {
			isa = PBXResourcesBuildPhase;
			buildActionMask = 2147483647;
			files = (
			);
			runOnlyForDeploymentPostprocessing = 0;
		};
		49791C062BEEA27E0082BC8E /* Resources */ = {
			isa = PBXResourcesBuildPhase;
			buildActionMask = 2147483647;
			files = (
			);
			runOnlyForDeploymentPostprocessing = 0;
		};
/* End PBXResourcesBuildPhase section */

/* Begin PBXSourcesBuildPhase section */
		49791BEA2BEEA27C0082BC8E /* Sources */ = {
			isa = PBXSourcesBuildPhase;
			buildActionMask = 2147483647;
			files = (
				49791C1F2BEEBFBF0082BC8E /* DailyScrum.swift in Sources */,
				499469742BF167B400D2B49E /* DetailView.swift in Sources */,
				49791C232BEEE7FC0082BC8E /* TrailingIconLabelStyle.swift in Sources */,
				49791C1D2BEEBE540082BC8E /* Theme.swift in Sources */,
				49791C252BEF13C60082BC8E /* ScrumsView.swift in Sources */,
				49791BF42BEEA27C0082BC8E /* MeetingView.swift in Sources */,
				49791BF22BEEA27C0082BC8E /* ScrumdingerApp.swift in Sources */,
				49791C212BEEC0A30082BC8E /* CardView.swift in Sources */,
			);
			runOnlyForDeploymentPostprocessing = 0;
		};
		49791BFA2BEEA27E0082BC8E /* Sources */ = {
			isa = PBXSourcesBuildPhase;
			buildActionMask = 2147483647;
			files = (
				49791C032BEEA27E0082BC8E /* ScrumdingerTests.swift in Sources */,
			);
			runOnlyForDeploymentPostprocessing = 0;
		};
		49791C042BEEA27E0082BC8E /* Sources */ = {
			isa = PBXSourcesBuildPhase;
			buildActionMask = 2147483647;
			files = (
				49791C0F2BEEA27E0082BC8E /* ScrumdingerUITestsLaunchTests.swift in Sources */,
				49791C0D2BEEA27E0082BC8E /* ScrumdingerUITests.swift in Sources */,
			);
			runOnlyForDeploymentPostprocessing = 0;
		};
/* End PBXSourcesBuildPhase section */

/* Begin PBXTargetDependency section */
		49791C002BEEA27E0082BC8E /* PBXTargetDependency */ = {
			isa = PBXTargetDependency;
			target = 49791BED2BEEA27C0082BC8E /* Scrumdinger */;
			targetProxy = 49791BFF2BEEA27E0082BC8E /* PBXContainerItemProxy */;
		};
		49791C0A2BEEA27E0082BC8E /* PBXTargetDependency */ = {
			isa = PBXTargetDependency;
			target = 49791BED2BEEA27C0082BC8E /* Scrumdinger */;
			targetProxy = 49791C092BEEA27E0082BC8E /* PBXContainerItemProxy */;
		};
/* End PBXTargetDependency section */

/* Begin XCBuildConfiguration section */
		49791C102BEEA27E0082BC8E /* Debug */ = {
			isa = XCBuildConfiguration;
			buildSettings = {
				ALWAYS_SEARCH_USER_PATHS = NO;
				ASSETCATALOG_COMPILER_GENERATE_SWIFT_ASSET_SYMBOL_EXTENSIONS = YES;
				CLANG_ANALYZER_NONNULL = YES;
				CLANG_ANALYZER_NUMBER_OBJECT_CONVERSION = YES_AGGRESSIVE;
				CLANG_CXX_LANGUAGE_STANDARD = "gnu++20";
				CLANG_ENABLE_MODULES = YES;
				CLANG_ENABLE_OBJC_ARC = YES;
				CLANG_ENABLE_OBJC_WEAK = YES;
				CLANG_WARN_BLOCK_CAPTURE_AUTORELEASING = YES;
				CLANG_WARN_BOOL_CONVERSION = YES;
				CLANG_WARN_COMMA = YES;
				CLANG_WARN_CONSTANT_CONVERSION = YES;
				CLANG_WARN_DEPRECATED_OBJC_IMPLEMENTATIONS = YES;
				CLANG_WARN_DIRECT_OBJC_ISA_USAGE = YES_ERROR;
				CLANG_WARN_DOCUMENTATION_COMMENTS = YES;
				CLANG_WARN_EMPTY_BODY = YES;
				CLANG_WARN_ENUM_CONVERSION = YES;
				CLANG_WARN_INFINITE_RECURSION = YES;
				CLANG_WARN_INT_CONVERSION = YES;
				CLANG_WARN_NON_LITERAL_NULL_CONVERSION = YES;
				CLANG_WARN_OBJC_IMPLICIT_RETAIN_SELF = YES;
				CLANG_WARN_OBJC_LITERAL_CONVERSION = YES;
				CLANG_WARN_OBJC_ROOT_CLASS = YES_ERROR;
				CLANG_WARN_QUOTED_INCLUDE_IN_FRAMEWORK_HEADER = YES;
				CLANG_WARN_RANGE_LOOP_ANALYSIS = YES;
				CLANG_WARN_STRICT_PROTOTYPES = YES;
				CLANG_WARN_SUSPICIOUS_MOVE = YES;
				CLANG_WARN_UNGUARDED_AVAILABILITY = YES_AGGRESSIVE;
				CLANG_WARN_UNREACHABLE_CODE = YES;
				CLANG_WARN__DUPLICATE_METHOD_MATCH = YES;
				COPY_PHASE_STRIP = NO;
				DEBUG_INFORMATION_FORMAT = dwarf;
				ENABLE_STRICT_OBJC_MSGSEND = YES;
				ENABLE_TESTABILITY = YES;
				ENABLE_USER_SCRIPT_SANDBOXING = YES;
				GCC_C_LANGUAGE_STANDARD = gnu17;
				GCC_DYNAMIC_NO_PIC = NO;
				GCC_NO_COMMON_BLOCKS = YES;
				GCC_OPTIMIZATION_LEVEL = 0;
				GCC_PREPROCESSOR_DEFINITIONS = (
					"DEBUG=1",
					"$(inherited)",
				);
				GCC_WARN_64_TO_32_BIT_CONVERSION = YES;
				GCC_WARN_ABOUT_RETURN_TYPE = YES_ERROR;
				GCC_WARN_UNDECLARED_SELECTOR = YES;
				GCC_WARN_UNINITIALIZED_AUTOS = YES_AGGRESSIVE;
				GCC_WARN_UNUSED_FUNCTION = YES;
				GCC_WARN_UNUSED_VARIABLE = YES;
				IPHONEOS_DEPLOYMENT_TARGET = 17.4;
				LOCALIZATION_PREFERS_STRING_CATALOGS = YES;
				MTL_ENABLE_DEBUG_INFO = INCLUDE_SOURCE;
				MTL_FAST_MATH = YES;
				ONLY_ACTIVE_ARCH = YES;
				SDKROOT = iphoneos;
				SWIFT_ACTIVE_COMPILATION_CONDITIONS = "DEBUG $(inherited)";
				SWIFT_OPTIMIZATION_LEVEL = "-Onone";
			};
			name = Debug;
		};
		49791C112BEEA27E0082BC8E /* Release */ = {
			isa = XCBuildConfiguration;
			buildSettings = {
				ALWAYS_SEARCH_USER_PATHS = NO;
				ASSETCATALOG_COMPILER_GENERATE_SWIFT_ASSET_SYMBOL_EXTENSIONS = YES;
				CLANG_ANALYZER_NONNULL = YES;
				CLANG_ANALYZER_NUMBER_OBJECT_CONVERSION = YES_AGGRESSIVE;
				CLANG_CXX_LANGUAGE_STANDARD = "gnu++20";
				CLANG_ENABLE_MODULES = YES;
				CLANG_ENABLE_OBJC_ARC = YES;
				CLANG_ENABLE_OBJC_WEAK = YES;
				CLANG_WARN_BLOCK_CAPTURE_AUTORELEASING = YES;
				CLANG_WARN_BOOL_CONVERSION = YES;
				CLANG_WARN_COMMA = YES;
				CLANG_WARN_CONSTANT_CONVERSION = YES;
				CLANG_WARN_DEPRECATED_OBJC_IMPLEMENTATIONS = YES;
				CLANG_WARN_DIRECT_OBJC_ISA_USAGE = YES_ERROR;
				CLANG_WARN_DOCUMENTATION_COMMENTS = YES;
				CLANG_WARN_EMPTY_BODY = YES;
				CLANG_WARN_ENUM_CONVERSION = YES;
				CLANG_WARN_INFINITE_RECURSION = YES;
				CLANG_WARN_INT_CONVERSION = YES;
				CLANG_WARN_NON_LITERAL_NULL_CONVERSION = YES;
				CLANG_WARN_OBJC_IMPLICIT_RETAIN_SELF = YES;
				CLANG_WARN_OBJC_LITERAL_CONVERSION = YES;
				CLANG_WARN_OBJC_ROOT_CLASS = YES_ERROR;
				CLANG_WARN_QUOTED_INCLUDE_IN_FRAMEWORK_HEADER = YES;
				CLANG_WARN_RANGE_LOOP_ANALYSIS = YES;
				CLANG_WARN_STRICT_PROTOTYPES = YES;
				CLANG_WARN_SUSPICIOUS_MOVE = YES;
				CLANG_WARN_UNGUARDED_AVAILABILITY = YES_AGGRESSIVE;
				CLANG_WARN_UNREACHABLE_CODE = YES;
				CLANG_WARN__DUPLICATE_METHOD_MATCH = YES;
				COPY_PHASE_STRIP = NO;
				DEBUG_INFORMATION_FORMAT = "dwarf-with-dsym";
				ENABLE_NS_ASSERTIONS = NO;
				ENABLE_STRICT_OBJC_MSGSEND = YES;
				ENABLE_USER_SCRIPT_SANDBOXING = YES;
				GCC_C_LANGUAGE_STANDARD = gnu17;
				GCC_NO_COMMON_BLOCKS = YES;
				GCC_WARN_64_TO_32_BIT_CONVERSION = YES;
				GCC_WARN_ABOUT_RETURN_TYPE = YES_ERROR;
				GCC_WARN_UNDECLARED_SELECTOR = YES;
				GCC_WARN_UNINITIALIZED_AUTOS = YES_AGGRESSIVE;
				GCC_WARN_UNUSED_FUNCTION = YES;
				GCC_WARN_UNUSED_VARIABLE = YES;
				IPHONEOS_DEPLOYMENT_TARGET = 17.4;
				LOCALIZATION_PREFERS_STRING_CATALOGS = YES;
				MTL_ENABLE_DEBUG_INFO = NO;
				MTL_FAST_MATH = YES;
				SDKROOT = iphoneos;
				SWIFT_COMPILATION_MODE = wholemodule;
				VALIDATE_PRODUCT = YES;
			};
			name = Release;
		};
		49791C132BEEA27E0082BC8E /* Debug */ = {
			isa = XCBuildConfiguration;
			buildSettings = {
				ASSETCATALOG_COMPILER_APPICON_NAME = AppIcon;
				ASSETCATALOG_COMPILER_GLOBAL_ACCENT_COLOR_NAME = AccentColor;
				CODE_SIGN_STYLE = Automatic;
				CURRENT_PROJECT_VERSION = 1;
				DEVELOPMENT_ASSET_PATHS = "\"Scrumdinger/Preview Content\"";
				DEVELOPMENT_TEAM = LR7KZZGJY6;
				ENABLE_PREVIEWS = YES;
				GENERATE_INFOPLIST_FILE = YES;
				INFOPLIST_KEY_LSApplicationCategoryType = "public.app-category.business";
				INFOPLIST_KEY_UIApplicationSceneManifest_Generation = YES;
				INFOPLIST_KEY_UIApplicationSupportsIndirectInputEvents = YES;
				INFOPLIST_KEY_UILaunchScreen_Generation = YES;
				INFOPLIST_KEY_UISupportedInterfaceOrientations_iPad = "UIInterfaceOrientationPortrait UIInterfaceOrientationPortraitUpsideDown UIInterfaceOrientationLandscapeLeft UIInterfaceOrientationLandscapeRight";
				INFOPLIST_KEY_UISupportedInterfaceOrientations_iPhone = "UIInterfaceOrientationPortrait UIInterfaceOrientationLandscapeLeft UIInterfaceOrientationLandscapeRight";
				IPHONEOS_DEPLOYMENT_TARGET = 17.0;
				LD_RUNPATH_SEARCH_PATHS = (
					"$(inherited)",
					"@executable_path/Frameworks",
				);
				MARKETING_VERSION = 1.0;
				PRODUCT_BUNDLE_IDENTIFIER = com.mrueda020.Scrumdinger;
				PRODUCT_NAME = "$(TARGET_NAME)";
				SUPPORTED_PLATFORMS = "iphoneos iphonesimulator";
				SUPPORTS_MACCATALYST = NO;
				SWIFT_EMIT_LOC_STRINGS = YES;
				SWIFT_VERSION = 5.0;
				TARGETED_DEVICE_FAMILY = "1,2";
			};
			name = Debug;
		};
		49791C142BEEA27E0082BC8E /* Release */ = {
			isa = XCBuildConfiguration;
			buildSettings = {
				ASSETCATALOG_COMPILER_APPICON_NAME = AppIcon;
				ASSETCATALOG_COMPILER_GLOBAL_ACCENT_COLOR_NAME = AccentColor;
				CODE_SIGN_STYLE = Automatic;
				CURRENT_PROJECT_VERSION = 1;
				DEVELOPMENT_ASSET_PATHS = "\"Scrumdinger/Preview Content\"";
				DEVELOPMENT_TEAM = LR7KZZGJY6;
				ENABLE_PREVIEWS = YES;
				GENERATE_INFOPLIST_FILE = YES;
				INFOPLIST_KEY_LSApplicationCategoryType = "public.app-category.business";
				INFOPLIST_KEY_UIApplicationSceneManifest_Generation = YES;
				INFOPLIST_KEY_UIApplicationSupportsIndirectInputEvents = YES;
				INFOPLIST_KEY_UILaunchScreen_Generation = YES;
				INFOPLIST_KEY_UISupportedInterfaceOrientations_iPad = "UIInterfaceOrientationPortrait UIInterfaceOrientationPortraitUpsideDown UIInterfaceOrientationLandscapeLeft UIInterfaceOrientationLandscapeRight";
				INFOPLIST_KEY_UISupportedInterfaceOrientations_iPhone = "UIInterfaceOrientationPortrait UIInterfaceOrientationLandscapeLeft UIInterfaceOrientationLandscapeRight";
				IPHONEOS_DEPLOYMENT_TARGET = 17.0;
				LD_RUNPATH_SEARCH_PATHS = (
					"$(inherited)",
					"@executable_path/Frameworks",
				);
				MARKETING_VERSION = 1.0;
				PRODUCT_BUNDLE_IDENTIFIER = com.mrueda020.Scrumdinger;
				PRODUCT_NAME = "$(TARGET_NAME)";
				SUPPORTED_PLATFORMS = "iphoneos iphonesimulator";
				SUPPORTS_MACCATALYST = NO;
				SWIFT_EMIT_LOC_STRINGS = YES;
				SWIFT_VERSION = 5.0;
				TARGETED_DEVICE_FAMILY = "1,2";
			};
			name = Release;
		};
		49791C162BEEA27E0082BC8E /* Debug */ = {
			isa = XCBuildConfiguration;
			buildSettings = {
				ALWAYS_EMBED_SWIFT_STANDARD_LIBRARIES = YES;
				BUNDLE_LOADER = "$(TEST_HOST)";
				CODE_SIGN_STYLE = Automatic;
				CURRENT_PROJECT_VERSION = 1;
				DEVELOPMENT_TEAM = LR7KZZGJY6;
				GENERATE_INFOPLIST_FILE = YES;
				IPHONEOS_DEPLOYMENT_TARGET = 17.4;
				MARKETING_VERSION = 1.0;
				PRODUCT_BUNDLE_IDENTIFIER = com.mrueda020.ScrumdingerTests;
				PRODUCT_NAME = "$(TARGET_NAME)";
				SWIFT_EMIT_LOC_STRINGS = NO;
				SWIFT_VERSION = 5.0;
				TARGETED_DEVICE_FAMILY = "1,2";
				TEST_HOST = "$(BUILT_PRODUCTS_DIR)/Scrumdinger.app/$(BUNDLE_EXECUTABLE_FOLDER_PATH)/Scrumdinger";
			};
			name = Debug;
		};
		49791C172BEEA27E0082BC8E /* Release */ = {
			isa = XCBuildConfiguration;
			buildSettings = {
				ALWAYS_EMBED_SWIFT_STANDARD_LIBRARIES = YES;
				BUNDLE_LOADER = "$(TEST_HOST)";
				CODE_SIGN_STYLE = Automatic;
				CURRENT_PROJECT_VERSION = 1;
				DEVELOPMENT_TEAM = LR7KZZGJY6;
				GENERATE_INFOPLIST_FILE = YES;
				IPHONEOS_DEPLOYMENT_TARGET = 17.4;
				MARKETING_VERSION = 1.0;
				PRODUCT_BUNDLE_IDENTIFIER = com.mrueda020.ScrumdingerTests;
				PRODUCT_NAME = "$(TARGET_NAME)";
				SWIFT_EMIT_LOC_STRINGS = NO;
				SWIFT_VERSION = 5.0;
				TARGETED_DEVICE_FAMILY = "1,2";
				TEST_HOST = "$(BUILT_PRODUCTS_DIR)/Scrumdinger.app/$(BUNDLE_EXECUTABLE_FOLDER_PATH)/Scrumdinger";
			};
			name = Release;
		};
		49791C192BEEA27E0082BC8E /* Debug */ = {
			isa = XCBuildConfiguration;
			buildSettings = {
				ALWAYS_EMBED_SWIFT_STANDARD_LIBRARIES = YES;
				CODE_SIGN_STYLE = Automatic;
				CURRENT_PROJECT_VERSION = 1;
				DEVELOPMENT_TEAM = LR7KZZGJY6;
				GENERATE_INFOPLIST_FILE = YES;
				MARKETING_VERSION = 1.0;
				PRODUCT_BUNDLE_IDENTIFIER = com.mrueda020.ScrumdingerUITests;
				PRODUCT_NAME = "$(TARGET_NAME)";
				SWIFT_EMIT_LOC_STRINGS = NO;
				SWIFT_VERSION = 5.0;
				TARGETED_DEVICE_FAMILY = "1,2";
				TEST_TARGET_NAME = Scrumdinger;
			};
			name = Debug;
		};
		49791C1A2BEEA27E0082BC8E /* Release */ = {
			isa = XCBuildConfiguration;
			buildSettings = {
				ALWAYS_EMBED_SWIFT_STANDARD_LIBRARIES = YES;
				CODE_SIGN_STYLE = Automatic;
				CURRENT_PROJECT_VERSION = 1;
				DEVELOPMENT_TEAM = LR7KZZGJY6;
				GENERATE_INFOPLIST_FILE = YES;
				MARKETING_VERSION = 1.0;
				PRODUCT_BUNDLE_IDENTIFIER = com.mrueda020.ScrumdingerUITests;
				PRODUCT_NAME = "$(TARGET_NAME)";
				SWIFT_EMIT_LOC_STRINGS = NO;
				SWIFT_VERSION = 5.0;
				TARGETED_DEVICE_FAMILY = "1,2";
				TEST_TARGET_NAME = Scrumdinger;
			};
			name = Release;
		};
/* End XCBuildConfiguration section */

/* Begin XCConfigurationList section */
		49791BE92BEEA27C0082BC8E /* Build configuration list for PBXProject "Scrumdinger" */ = {
			isa = XCConfigurationList;
			buildConfigurations = (
				49791C102BEEA27E0082BC8E /* Debug */,
				49791C112BEEA27E0082BC8E /* Release */,
			);
			defaultConfigurationIsVisible = 0;
			defaultConfigurationName = Release;
		};
		49791C122BEEA27E0082BC8E /* Build configuration list for PBXNativeTarget "Scrumdinger" */ = {
			isa = XCConfigurationList;
			buildConfigurations = (
				49791C132BEEA27E0082BC8E /* Debug */,
				49791C142BEEA27E0082BC8E /* Release */,
			);
			defaultConfigurationIsVisible = 0;
			defaultConfigurationName = Release;
		};
		49791C152BEEA27E0082BC8E /* Build configuration list for PBXNativeTarget "ScrumdingerTests" */ = {
			isa = XCConfigurationList;
			buildConfigurations = (
				49791C162BEEA27E0082BC8E /* Debug */,
				49791C172BEEA27E0082BC8E /* Release */,
			);
			defaultConfigurationIsVisible = 0;
			defaultConfigurationName = Release;
		};
		49791C182BEEA27E0082BC8E /* Build configuration list for PBXNativeTarget "ScrumdingerUITests" */ = {
			isa = XCConfigurationList;
			buildConfigurations = (
				49791C192BEEA27E0082BC8E /* Debug */,
				49791C1A2BEEA27E0082BC8E /* Release */,
			);
			defaultConfigurationIsVisible = 0;
			defaultConfigurationName = Release;
		};
/* End XCConfigurationList section */
	};
	rootObject = 49791BE62BEEA27C0082BC8E /* Project object */;
}
